
Microsoft Visual Studio Solution File, Format Version 12.00
# Visual Studio Version 16
VisualStudioVersion = 16.0.31019.35
MinimumVisualStudioVersion = 10.0.40219.1
Project("{2150E333-8FDC-42A3-9474-1A3956D46DE8}") = "Tests", "Tests", "{30C3E4C4-5D58-417B-AF7E-61B2D9D33A0E}"
EndProject
Project("{FAE04EC0-301F-11D3-BF4B-00C04F79EFBC}") = "BusinessLayer", "BusinessLayer\BusinessLayer.csproj", "{D1C9846E-744A-46FD-9DB2-D47419BCFA38}"
EndProject
Project("{FAE04EC0-301F-11D3-BF4B-00C04F79EFBC}") = "BusinessLayerTests", "BusinessLayerTests\BusinessLayerTests.csproj", "{E04D896F-7123-4F75-8435-ACCFBC7B9C2C}"
EndProject
Global
	GlobalSection(SolutionConfigurationPlatforms) = preSolution
		Debug|Any CPU = Debug|Any CPU
		Release|Any CPU = Release|Any CPU
	EndGlobalSection
	GlobalSection(ProjectConfigurationPlatforms) = postSolution
		{D1C9846E-744A-46FD-9DB2-D47419BCFA38}.Debug|Any CPU.ActiveCfg = Debug|Any CPU
		{D1C9846E-744A-46FD-9DB2-D47419BCFA38}.Debug|Any CPU.Build.0 = Debug|Any CPU
		{D1C9846E-744A-46FD-9DB2-D47419BCFA38}.Release|Any CPU.ActiveCfg = Release|Any CPU
		{D1C9846E-744A-46FD-9DB2-D47419BCFA38}.Release|Any CPU.Build.0 = Release|Any CPU
		{E04D896F-7123-4F75-8435-ACCFBC7B9C2C}.Debug|Any CPU.ActiveCfg = Debug|Any CPU
		{E04D896F-7123-4F75-8435-ACCFBC7B9C2C}.Debug|Any CPU.Build.0 = Debug|Any CPU
		{E04D896F-7123-4F75-8435-ACCFBC7B9C2C}.Release|Any CPU.ActiveCfg = Release|Any CPU
		{E04D896F-7123-4F75-8435-ACCFBC7B9C2C}.Release|Any CPU.Build.0 = Release|Any CPU
	EndGlobalSection
	GlobalSection(SolutionProperties) = preSolution
		HideSolutionNode = FALSE
	EndGlobalSection
	GlobalSection(NestedProjects) = preSolution
		{E04D896F-7123-4F75-8435-ACCFBC7B9C2C} = {30C3E4C4-5D58-417B-AF7E-61B2D9D33A0E}
	EndGlobalSection
	GlobalSection(ExtensibilityGlobals) = postSolution
		SolutionGuid = {7615CA0D-AD5E-4931-8C89-FFB2DAC8D96C}
	EndGlobalSection
EndGlobal
